
Microsoft Visual Studio Solution File, Format Version 12.00
# Visual Studio Version 17
VisualStudioVersion = 17.0.32112.339
MinimumVisualStudioVersion = 10.0.40219.1
Project("{8BC9CEB8-8B4A-11D0-8D11-00A0C91BC942}") = "VertexTriangle", "VertexTriangle\VertexTriangle.vcxproj", "{6B2D8603-5BF5-48CC-8CF8-ED326D3AC828}"
EndProject
Global
	GlobalSection(SolutionConfigurationPlatforms) = preSolution
		Debug|x64 = Debug|x64
		Debug|x86 = Debug|x86
		Release|x64 = Release|x64
		Release|x86 = Release|x86
	EndGlobalSection
	GlobalSection(ProjectConfigurationPlatforms) = postSolution
		{6B2D8603-5BF5-48CC-8CF8-ED326D3AC828}.Debug|x64.ActiveCfg = Debug|x64
		{6B2D8603-5BF5-48CC-8CF8-ED326D3AC828}.Debug|x64.Build.0 = Debug|x64
		{6B2D8603-5BF5-48CC-8CF8-ED326D3AC828}.Debug|x86.ActiveCfg = Debug|Win32
		{6B2D8603-5BF5-48CC-8CF8-ED326D3AC828}.Debug|x86.Build.0 = Debug|Win32
		{6B2D8603-5BF5-48CC-8CF8-ED326D3AC828}.Release|x64.ActiveCfg = Release|x64
		{6B2D8603-5BF5-48CC-8CF8-ED326D3AC828}.Release|x64.Build.0 = Release|x64
		{6B2D8603-5BF5-48CC-8CF8-ED326D3AC828}.Release|x86.ActiveCfg = Release|Win32
		{6B2D8603-5BF5-48CC-8CF8-ED326D3AC828}.Release|x86.Build.0 = Release|Win32
	EndGlobalSection
	GlobalSection(SolutionProperties) = preSolution
		HideSolutionNode = FALSE
	EndGlobalSection
	GlobalSection(ExtensibilityGlobals) = postSolution
		SolutionGuid = {8AF5EC13-8397-4B48-83DA-A16E8D3F538C}
	EndGlobalSection
EndGlobal
