
Microsoft Visual Studio Solution File, Format Version 12.00
# Visual Studio Version 17
VisualStudioVersion = 17.0.32126.317
MinimumVisualStudioVersion = 10.0.40219.1
Project("{8BC9CEB8-8B4A-11D0-8D11-00A0C91BC942}") = "Shaders", "Shaders\Shaders.vcxproj", "{390BBF3C-D185-444A-95A3-DD434F4B2486}"
EndProject
Global
	GlobalSection(SolutionConfigurationPlatforms) = preSolution
		Debug|x64 = Debug|x64
		Debug|x86 = Debug|x86
		Release|x64 = Release|x64
		Release|x86 = Release|x86
	EndGlobalSection
	GlobalSection(ProjectConfigurationPlatforms) = postSolution
		{390BBF3C-D185-444A-95A3-DD434F4B2486}.Debug|x64.ActiveCfg = Debug|x64
		{390BBF3C-D185-444A-95A3-DD434F4B2486}.Debug|x64.Build.0 = Debug|x64
		{390BBF3C-D185-444A-95A3-DD434F4B2486}.Debug|x86.ActiveCfg = Debug|Win32
		{390BBF3C-D185-444A-95A3-DD434F4B2486}.Debug|x86.Build.0 = Debug|Win32
		{390BBF3C-D185-444A-95A3-DD434F4B2486}.Release|x64.ActiveCfg = Release|x64
		{390BBF3C-D185-444A-95A3-DD434F4B2486}.Release|x64.Build.0 = Release|x64
		{390BBF3C-D185-444A-95A3-DD434F4B2486}.Release|x86.ActiveCfg = Release|Win32
		{390BBF3C-D185-444A-95A3-DD434F4B2486}.Release|x86.Build.0 = Release|Win32
	EndGlobalSection
	GlobalSection(SolutionProperties) = preSolution
		HideSolutionNode = FALSE
	EndGlobalSection
	GlobalSection(ExtensibilityGlobals) = postSolution
		SolutionGuid = {A456DA16-ED15-4A48-8661-B3A015EB0E08}
	EndGlobalSection
EndGlobal
