
Microsoft Visual Studio Solution File, Format Version 12.00
# Visual Studio Version 17
VisualStudioVersion = 17.1.32407.343
MinimumVisualStudioVersion = 10.0.40219.1
Project("{FAE04EC0-301F-11D3-BF4B-00C04F79EFBC}") = "BasicDrawing", "BasicDrawing\BasicDrawing.csproj", "{20B89842-E530-4081-8123-FEED9C3C7E29}"
EndProject
Global
	GlobalSection(SolutionConfigurationPlatforms) = preSolution
		Debug|Any CPU = Debug|Any CPU
		Release|Any CPU = Release|Any CPU
	EndGlobalSection
	GlobalSection(ProjectConfigurationPlatforms) = postSolution
		{20B89842-E530-4081-8123-FEED9C3C7E29}.Debug|Any CPU.ActiveCfg = Debug|Any CPU
		{20B89842-E530-4081-8123-FEED9C3C7E29}.Debug|Any CPU.Build.0 = Debug|Any CPU
		{20B89842-E530-4081-8123-FEED9C3C7E29}.Release|Any CPU.ActiveCfg = Release|Any CPU
		{20B89842-E530-4081-8123-FEED9C3C7E29}.Release|Any CPU.Build.0 = Release|Any CPU
	EndGlobalSection
	GlobalSection(SolutionProperties) = preSolution
		HideSolutionNode = FALSE
	EndGlobalSection
	GlobalSection(ExtensibilityGlobals) = postSolution
		SolutionGuid = {A232D0D8-34DF-4144-AFFD-8D6B69A07102}
	EndGlobalSection
EndGlobal
