
Microsoft Visual Studio Solution File, Format Version 12.00
# Visual Studio Version 17
VisualStudioVersion = 17.0.32112.339
MinimumVisualStudioVersion = 10.0.40219.1
Project("{8BC9CEB8-8B4A-11D0-8D11-00A0C91BC942}") = "CreateWindow", "CreateWindow\CreateWindow.vcxproj", "{FF7C562C-0DFF-4DED-A70C-7E9377B50B2D}"
EndProject
Global
	GlobalSection(SolutionConfigurationPlatforms) = preSolution
		Debug|x64 = Debug|x64
		Debug|x86 = Debug|x86
		Release|x64 = Release|x64
		Release|x86 = Release|x86
	EndGlobalSection
	GlobalSection(ProjectConfigurationPlatforms) = postSolution
		{FF7C562C-0DFF-4DED-A70C-7E9377B50B2D}.Debug|x64.ActiveCfg = Debug|x64
		{FF7C562C-0DFF-4DED-A70C-7E9377B50B2D}.Debug|x64.Build.0 = Debug|x64
		{FF7C562C-0DFF-4DED-A70C-7E9377B50B2D}.Debug|x86.ActiveCfg = Debug|Win32
		{FF7C562C-0DFF-4DED-A70C-7E9377B50B2D}.Debug|x86.Build.0 = Debug|Win32
		{FF7C562C-0DFF-4DED-A70C-7E9377B50B2D}.Release|x64.ActiveCfg = Release|x64
		{FF7C562C-0DFF-4DED-A70C-7E9377B50B2D}.Release|x64.Build.0 = Release|x64
		{FF7C562C-0DFF-4DED-A70C-7E9377B50B2D}.Release|x86.ActiveCfg = Release|Win32
		{FF7C562C-0DFF-4DED-A70C-7E9377B50B2D}.Release|x86.Build.0 = Release|Win32
	EndGlobalSection
	GlobalSection(SolutionProperties) = preSolution
		HideSolutionNode = FALSE
	EndGlobalSection
	GlobalSection(ExtensibilityGlobals) = postSolution
		SolutionGuid = {7F8BE3EC-0902-4466-B9CC-0DC2D55CC0B5}
	EndGlobalSection
EndGlobal
